
Microsoft Visual Studio Solution File, Format Version 12.00
# Visual Studio Express 14 for Web
VisualStudioVersion = 14.0.25420.1
MinimumVisualStudioVersion = 10.0.40219.1
Project("{FAE04EC0-301F-11D3-BF4B-00C04F79EFBC}") = "BloggerApp", "BloggerApp\BloggerApp.csproj", "{0DA9FCB9-36DC-4395-A9D6-CBFE7934D74B}"
EndProject
Project("{FAE04EC0-301F-11D3-BF4B-00C04F79EFBC}") = "BlogsDataAccess", "BlogsDataAccess\BlogsDataAccess.csproj", "{80551DBE-9560-4712-A986-FCEB114C8601}"
EndProject
Project("{FAE04EC0-301F-11D3-BF4B-00C04F79EFBC}") = "UnitTestProject1", "UnitTestProject1\UnitTestProject1.csproj", "{A2CDF2D9-452C-40C3-9600-0C604AFBC7CF}"
EndProject
Global
	GlobalSection(SolutionConfigurationPlatforms) = preSolution
		Debug|Any CPU = Debug|Any CPU
		Release|Any CPU = Release|Any CPU
	EndGlobalSection
	GlobalSection(ProjectConfigurationPlatforms) = postSolution
		{0DA9FCB9-36DC-4395-A9D6-CBFE7934D74B}.Debug|Any CPU.ActiveCfg = Debug|Any CPU
		{0DA9FCB9-36DC-4395-A9D6-CBFE7934D74B}.Debug|Any CPU.Build.0 = Debug|Any CPU
		{0DA9FCB9-36DC-4395-A9D6-CBFE7934D74B}.Release|Any CPU.ActiveCfg = Release|Any CPU
		{0DA9FCB9-36DC-4395-A9D6-CBFE7934D74B}.Release|Any CPU.Build.0 = Release|Any CPU
		{80551DBE-9560-4712-A986-FCEB114C8601}.Debug|Any CPU.ActiveCfg = Debug|Any CPU
		{80551DBE-9560-4712-A986-FCEB114C8601}.Debug|Any CPU.Build.0 = Debug|Any CPU
		{80551DBE-9560-4712-A986-FCEB114C8601}.Release|Any CPU.ActiveCfg = Release|Any CPU
		{80551DBE-9560-4712-A986-FCEB114C8601}.Release|Any CPU.Build.0 = Release|Any CPU
		{A2CDF2D9-452C-40C3-9600-0C604AFBC7CF}.Debug|Any CPU.ActiveCfg = Debug|Any CPU
		{A2CDF2D9-452C-40C3-9600-0C604AFBC7CF}.Debug|Any CPU.Build.0 = Debug|Any CPU
		{A2CDF2D9-452C-40C3-9600-0C604AFBC7CF}.Release|Any CPU.ActiveCfg = Release|Any CPU
		{A2CDF2D9-452C-40C3-9600-0C604AFBC7CF}.Release|Any CPU.Build.0 = Release|Any CPU
	EndGlobalSection
	GlobalSection(SolutionProperties) = preSolution
		HideSolutionNode = FALSE
	EndGlobalSection
EndGlobal
